<?xml version="1.0" encoding="UTF-8"?><Scheme LastUpgradeVersion="2710" version="1.3"><BuildAction parallelizeBuildables="YES" buildImplicitDependencies="YES"><BuildActionEntries><BuildActionEntry buildForTesting="YES" buildForRunning="YES" buildForProfiling="YES" buildForArchiving="YES" buildForAnalyzing="YES"><BuildableReference BuildableIdentifier="primary" BlueprintIdentifier="00000000000000000000001D" BuildableName="Music Video.app" BlueprintName="MusicVideo" ReferencedContainer="container:MusicVideo.xcodeproj"/></BuildActionEntry></BuildActionEntries></BuildAction><LaunchAction buildConfiguration="Debug" selectedDebuggerIdentifier="Xcode.DebuggerFoundation.Debugger.LLDB" selectedLauncherIdentifier="Xcode.IDEFoundation.Launcher.LLDB" launchStyle="0" useCustomWorkingDirectory="NO" ignoresPersistentStateOnLaunch="NO" debugDocumentVersioning="YES" allowLocationSimulation="YES"><PreActions><ExecutionAction ActionType="Xcode.IDEStandardExecutionActionsCore.ExecutionActionType.ShellScriptAction"><ActionContent title="Start Mac studio" scriptText="bash &quot;$SRCROOT/scripts/start-studio.sh&quot;&#10;"><EnvironmentBuildable><BuildableReference BuildableIdentifier="primary" BlueprintIdentifier="00000000000000000000001D" BuildableName="Music Video.app" BlueprintName="MusicVideo" ReferencedContainer="container:MusicVideo.xcodeproj"/></EnvironmentBuildable></ActionContent></ExecutionAction></PreActions><BuildableProductRunnable runnableDebuggingMode="0"><BuildableReference BuildableIdentifier="primary" BlueprintIdentifier="00000000000000000000001D" BuildableName="Music Video.app" BlueprintName="MusicVideo" ReferencedContainer="container:MusicVideo.xcodeproj"/></BuildableProductRunnable></LaunchAction><TestAction buildConfiguration="Debug" selectedDebuggerIdentifier="Xcode.DebuggerFoundation.Debugger.LLDB" selectedLauncherIdentifier="Xcode.IDEFoundation.Launcher.LLDB"><Testables><TestableReference skipped="NO"><BuildableReference BuildableIdentifier="primary" BlueprintIdentifier="000000000000000000000027" BuildableName="MusicVideoTests.xctest" BlueprintName="MusicVideoTests" ReferencedContainer="container:MusicVideo.xcodeproj"/></TestableReference></Testables><EnvironmentVariables><EnvironmentVariable key="KRIYA_LIVE_TEST" value="1" isEnabled="YES"/></EnvironmentVariables></TestAction><ProfileAction buildConfiguration="Release"><BuildableProductRunnable runnableDebuggingMode="0"><BuildableReference BuildableIdentifier="primary" BlueprintIdentifier="00000000000000000000001D" BuildableName="Music Video.app" BlueprintName="MusicVideo" ReferencedContainer="container:MusicVideo.xcodeproj"/></BuildableProductRunnable></ProfileAction><AnalyzeAction buildConfiguration="Debug"/><ArchiveAction buildConfiguration="Release" revealArchiveInOrganizer="YES"/></Scheme>