// !$*UTF8*$!
{archiveVersion=1;classes={};objectVersion=56;objects={
000000000000000000000001={isa=PBXFileReference;lastKnownFileType=sourcecode.swift;path="Sources/MusicVideoApp.swift";sourceTree="<group>";};
000000000000000000000002={isa=PBXBuildFile;fileRef=000000000000000000000001;};
000000000000000000000003={isa=PBXFileReference;lastKnownFileType=sourcecode.swift;path="Sources/Studio.swift";sourceTree="<group>";};
000000000000000000000004={isa=PBXBuildFile;fileRef=000000000000000000000003;};
000000000000000000000005={isa=PBXFileReference;lastKnownFileType=folder.assetcatalog;path="Resources/Assets.xcassets";sourceTree="<group>";};
000000000000000000000006={isa=PBXBuildFile;fileRef=000000000000000000000005;};
000000000000000000000007={isa=PBXFileReference;lastKnownFileType=file;path="Resources/Demo.mp4";sourceTree="<group>";};
000000000000000000000008={isa=PBXBuildFile;fileRef=000000000000000000000007;};
000000000000000000000009={isa=PBXFileReference;lastKnownFileType=image.jpeg;path="Resources/city.jpg";sourceTree="<group>";};
00000000000000000000000A={isa=PBXBuildFile;fileRef=000000000000000000000009;};
00000000000000000000000B={isa=PBXFileReference;lastKnownFileType=image.jpeg;path="Resources/ocean.jpg";sourceTree="<group>";};
00000000000000000000000C={isa=PBXBuildFile;fileRef=00000000000000000000000B;};
00000000000000000000000D={isa=PBXFileReference;lastKnownFileType=image.jpeg;path="Resources/sunset.jpg";sourceTree="<group>";};
00000000000000000000000E={isa=PBXBuildFile;fileRef=00000000000000000000000D;};
00000000000000000000000F={isa=PBXFileReference;lastKnownFileType=image.jpeg;path="Resources/tiger.jpg";sourceTree="<group>";};
000000000000000000000010={isa=PBXBuildFile;fileRef=00000000000000000000000F;};
000000000000000000000011={isa=PBXFileReference;explicitFileType=wrapper.application;path="Music Video.app";sourceTree=BUILT_PRODUCTS_DIR;};
000000000000000000000012={isa=PBXGroup; children=(000000000000000000000020,000000000000000000000011); name="Products"; sourceTree="<group>";};
000000000000000000000013={isa=PBXGroup; children=(00000000000000000000001E,000000000000000000000001,000000000000000000000003,000000000000000000000005,000000000000000000000007,000000000000000000000009,00000000000000000000000B,00000000000000000000000D,00000000000000000000000F,000000000000000000000012); name="Music Video"; sourceTree="<group>";};
000000000000000000000014={isa=PBXSourcesBuildPhase;buildActionMask=2147483647;files=(000000000000000000000002,000000000000000000000004);runOnlyForDeploymentPostprocessing=0;};
000000000000000000000015={isa=PBXResourcesBuildPhase;buildActionMask=2147483647;files=(000000000000000000000006,000000000000000000000008,00000000000000000000000A,00000000000000000000000C,00000000000000000000000E,000000000000000000000010);runOnlyForDeploymentPostprocessing=0;};
000000000000000000000016={isa=PBXFrameworksBuildPhase;buildActionMask=2147483647;files=();runOnlyForDeploymentPostprocessing=0;};
000000000000000000000017={isa=XCBuildConfiguration;name=Debug;buildSettings={SDKROOT=iphoneos;IPHONEOS_DEPLOYMENT_TARGET=18.0;SWIFT_VERSION=5.0;CLANG_ENABLE_MODULES=YES;SWIFT_ACTIVE_COMPILATION_CONDITIONS=DEBUG;SWIFT_OPTIMIZATION_LEVEL="-Onone";};};
000000000000000000000018={isa=XCBuildConfiguration;name=Release;buildSettings={SDKROOT=iphoneos;IPHONEOS_DEPLOYMENT_TARGET=18.0;SWIFT_VERSION=5.0;CLANG_ENABLE_MODULES=YES;};};
000000000000000000000019={isa=XCConfigurationList;buildConfigurations=(000000000000000000000017,000000000000000000000018);defaultConfigurationIsVisible=0;defaultConfigurationName=Release;};
00000000000000000000001A={isa=XCBuildConfiguration;name=Debug;buildSettings={ASSETCATALOG_COMPILER_APPICON_NAME=AppIcon;PRODUCT_NAME="Music Video";PRODUCT_BUNDLE_IDENTIFIER=mov.kriya.musicvideo;GENERATE_INFOPLIST_FILE=YES;INFOPLIST_FILE=Info.plist;INFOPLIST_KEY_UIApplicationSceneManifest_Generation=YES;INFOPLIST_KEY_UILaunchScreen_Generation=YES;INFOPLIST_KEY_UIFileSharingEnabled=YES;INFOPLIST_KEY_LSSupportsOpeningDocumentsInPlace=YES;TARGETED_DEVICE_FAMILY="1,2";SUPPORTED_PLATFORMS="iphoneos iphonesimulator";CODE_SIGN_STYLE=Automatic;CURRENT_PROJECT_VERSION=1;MARKETING_VERSION=1.0;SWIFT_ACTIVE_COMPILATION_CONDITIONS=DEBUG;SWIFT_OPTIMIZATION_LEVEL="-Onone";};};
00000000000000000000001B={isa=XCBuildConfiguration;name=Release;buildSettings={ASSETCATALOG_COMPILER_APPICON_NAME=AppIcon;PRODUCT_NAME="Music Video";PRODUCT_BUNDLE_IDENTIFIER=mov.kriya.musicvideo;GENERATE_INFOPLIST_FILE=YES;INFOPLIST_FILE=Info.plist;INFOPLIST_KEY_UIApplicationSceneManifest_Generation=YES;INFOPLIST_KEY_UILaunchScreen_Generation=YES;INFOPLIST_KEY_UIFileSharingEnabled=YES;INFOPLIST_KEY_LSSupportsOpeningDocumentsInPlace=YES;TARGETED_DEVICE_FAMILY="1,2";SUPPORTED_PLATFORMS="iphoneos iphonesimulator";CODE_SIGN_STYLE=Automatic;CURRENT_PROJECT_VERSION=1;MARKETING_VERSION=1.0;};};
00000000000000000000001C={isa=XCConfigurationList;buildConfigurations=(00000000000000000000001A,00000000000000000000001B);defaultConfigurationIsVisible=0;defaultConfigurationName=Release;};
00000000000000000000001D={isa=PBXNativeTarget;buildConfigurationList=00000000000000000000001C;buildPhases=(000000000000000000000014,000000000000000000000015,000000000000000000000016);buildRules=();dependencies=();name=MusicVideo;productName="Music Video";productReference=000000000000000000000011;productType="com.apple.product-type.application";};
00000000000000000000001E={isa=PBXFileReference;lastKnownFileType=sourcecode.swift;path="Tests/StudioTests.swift";sourceTree="<group>";};
00000000000000000000001F={isa=PBXBuildFile;fileRef=00000000000000000000001E;};
000000000000000000000020={isa=PBXFileReference;explicitFileType=wrapper.cfbundle;path=MusicVideoTests.xctest;sourceTree=BUILT_PRODUCTS_DIR;};
000000000000000000000021={isa=XCBuildConfiguration;name=Debug;buildSettings={PRODUCT_NAME=MusicVideoTests;PRODUCT_BUNDLE_IDENTIFIER=mov.kriya.musicvideo.tests;GENERATE_INFOPLIST_FILE=YES;TEST_TARGET_NAME=MusicVideo;TARGETED_DEVICE_FAMILY="1,2";CODE_SIGN_STYLE=Automatic;SWIFT_ACTIVE_COMPILATION_CONDITIONS=DEBUG;SWIFT_OPTIMIZATION_LEVEL="-Onone";};};
000000000000000000000022={isa=XCBuildConfiguration;name=Release;buildSettings={PRODUCT_NAME=MusicVideoTests;PRODUCT_BUNDLE_IDENTIFIER=mov.kriya.musicvideo.tests;GENERATE_INFOPLIST_FILE=YES;TEST_TARGET_NAME=MusicVideo;TARGETED_DEVICE_FAMILY="1,2";CODE_SIGN_STYLE=Automatic;};};
000000000000000000000023={isa=XCConfigurationList;buildConfigurations=(000000000000000000000021,000000000000000000000022);defaultConfigurationIsVisible=0;defaultConfigurationName=Release;};
000000000000000000000024={isa=PBXTargetDependency;target=00000000000000000000001D;};
000000000000000000000025={isa=PBXSourcesBuildPhase;buildActionMask=2147483647;files=(00000000000000000000001F);runOnlyForDeploymentPostprocessing=0;};
000000000000000000000026={isa=PBXFrameworksBuildPhase;buildActionMask=2147483647;files=();runOnlyForDeploymentPostprocessing=0;};
000000000000000000000027={isa=PBXNativeTarget;buildConfigurationList=000000000000000000000023;buildPhases=(000000000000000000000025,000000000000000000000026);buildRules=();dependencies=(000000000000000000000024);name=MusicVideoTests;productName=MusicVideoTests;productReference=000000000000000000000020;productType="com.apple.product-type.bundle.ui-testing";};
000000000000000000000028={isa=PBXProject;attributes={LastUpgradeCheck=2710;};buildConfigurationList=000000000000000000000019;compatibilityVersion="Xcode 14.0";developmentRegion=en;knownRegions=(en,Base);mainGroup=000000000000000000000013;productRefGroup=000000000000000000000012;projectDirPath="";projectRoot="";targets=(00000000000000000000001D,000000000000000000000027);};
};rootObject=000000000000000000000028;}